
Microsoft Visual Studio Solution File, Format Version 12.00
# Visual Studio Version 16
VisualStudioVersion = 16.0.30523.141
MinimumVisualStudioVersion = 10.0.40219.1
Project("{FAE04EC0-301F-11D3-BF4B-00C04F79EFBC}") = "Operaciones", "Operaciones\Operaciones.csproj", "{F3B83709-79B7-4F53-82CC-149B8EA35476}"
EndProject
Project("{FAE04EC0-301F-11D3-BF4B-00C04F79EFBC}") = "Operaciones.Tests", "Operaciones.Tests\Operaciones.Tests.csproj", "{1040DB11-74A5-4EEE-A2E8-36B4AB13183B}"
EndProject
Global
	GlobalSection(SolutionConfigurationPlatforms) = preSolution
		Debug|Any CPU = Debug|Any CPU
		Release|Any CPU = Release|Any CPU
	EndGlobalSection
	GlobalSection(ProjectConfigurationPlatforms) = postSolution
		{F3B83709-79B7-4F53-82CC-149B8EA35476}.Debug|Any CPU.ActiveCfg = Debug|Any CPU
		{F3B83709-79B7-4F53-82CC-149B8EA35476}.Debug|Any CPU.Build.0 = Debug|Any CPU
		{F3B83709-79B7-4F53-82CC-149B8EA35476}.Release|Any CPU.ActiveCfg = Release|Any CPU
		{F3B83709-79B7-4F53-82CC-149B8EA35476}.Release|Any CPU.Build.0 = Release|Any CPU
		{1040DB11-74A5-4EEE-A2E8-36B4AB13183B}.Debug|Any CPU.ActiveCfg = Debug|Any CPU
		{1040DB11-74A5-4EEE-A2E8-36B4AB13183B}.Debug|Any CPU.Build.0 = Debug|Any CPU
		{1040DB11-74A5-4EEE-A2E8-36B4AB13183B}.Release|Any CPU.ActiveCfg = Release|Any CPU
		{1040DB11-74A5-4EEE-A2E8-36B4AB13183B}.Release|Any CPU.Build.0 = Release|Any CPU
	EndGlobalSection
	GlobalSection(SolutionProperties) = preSolution
		HideSolutionNode = FALSE
	EndGlobalSection
	GlobalSection(ExtensibilityGlobals) = postSolution
		SolutionGuid = {486839C6-67F5-4033-AF0A-1C1192E8DFF8}
	EndGlobalSection
EndGlobal
